{
  "name": "dependabot-testing",
  "version": "1.0.0",
  "lockfileVersion": 2,
  "requires": true,
  "packages": {
    "": {
      "name": "dependabot-testing",
      "version": "1.0.0",
      "license": "ISC",
      "dependencies": {
        "create-cloudflare": "^2.0.0"
      }
    },
    "node_modules/create-cloudflare": {
      "version": "2.0.0",
      "resolved": "https://registry.npmjs.org/create-cloudflare/-/create-cloudflare-2.0.0.tgz",
      "integrity": "sha512-KL6QVavVnwS4Ts0WGPEtMizVeOL4b65QF+RZUN8fbxJCE1vg5rIqrg7hrT1r0rMGtnWGDUvaJnYnSoAycfEQBA==",
      "bin": {
        "create-cloudflare": "dist/cli.js"
      }
    }
  },
  "dependencies": {
    "create-cloudflare": {
      "version": "2.0.0",
      "resolved": "https://registry.npmjs.org/create-cloudflare/-/create-cloudflare-2.0.0.tgz",
      "integrity": "sha512-KL6QVavVnwS4Ts0WGPEtMizVeOL4b65QF+RZUN8fbxJCE1vg5rIqrg7hrT1r0rMGtnWGDUvaJnYnSoAycfEQBA=="
    }
  }
}
